{
  "name": "muestraoperacionescoder2",
  "version": "1.0.0",
  "lockfileVersion": 3,
  "requires": true,
  "packages": {
    "": {
      "name": "muestraoperacionescoder2",
      "version": "1.0.0",
      "license": "ISC",
      "dependencies": {
        "muestraoperacionescoder2": "^1.0.0"
      }
    },
    "node_modules/muestraoperacionescoder2": {
      "version": "1.0.0",
      "resolved": "https://registry.npmjs.org/muestraoperacionescoder2/-/muestraoperacionescoder2-1.0.0.tgz",
      "integrity": "sha512-cvmA82LJEZXXpJ/bQLAaF5u5JRmnH8Nc0ZksbcL5wUIVC5LfIloSyAFPSSl7s2EOADpV+02EtxBBCL2yuKR7YQ==",
      "license": "ISC"
    }
  }
}
